
Microsoft Visual Studio Solution File, Format Version 11.00
# Visual Web Developer Express 2010
Project("{FAE04EC0-301F-11D3-BF4B-00C04F79EFBC}") = "Semester asignment", "Semester asignment\Semester asignment.csproj", "{8775C3AE-B2EF-4294-AEE9-EFB2A0CE0322}"
EndProject
Global
	GlobalSection(SolutionConfigurationPlatforms) = preSolution
		Debug|Any CPU = Debug|Any CPU
		Release|Any CPU = Release|Any CPU
	EndGlobalSection
	GlobalSection(ProjectConfigurationPlatforms) = postSolution
		{8775C3AE-B2EF-4294-AEE9-EFB2A0CE0322}.Debug|Any CPU.ActiveCfg = Debug|Any CPU
		{8775C3AE-B2EF-4294-AEE9-EFB2A0CE0322}.Debug|Any CPU.Build.0 = Debug|Any CPU
		{8775C3AE-B2EF-4294-AEE9-EFB2A0CE0322}.Release|Any CPU.ActiveCfg = Release|Any CPU
		{8775C3AE-B2EF-4294-AEE9-EFB2A0CE0322}.Release|Any CPU.Build.0 = Release|Any CPU
	EndGlobalSection
	GlobalSection(SolutionProperties) = preSolution
		HideSolutionNode = FALSE
	EndGlobalSection
EndGlobal
